{
    "version": 3,
    "terraform_version": "0.11.13",
    "serial": 4,
    "lineage": "0a4cc32b-f30f-ced6-af02-f3f25d9f0a0a",
    "modules": [
        {
            "path": [
                "root"
            ],
            "outputs": {},
            "resources": {
                "aws_internet_gateway.gw": {
                    "type": "aws_internet_gateway",
                    "depends_on": [
                        "aws_vpc.main"
                    ],
                    "primary": {
                        "id": "igw-043695cf61d584738",
                        "attributes": {
                            "arn": "arn:aws:ec2:us-east-1:276651254137:internet-gateway/igw-043695cf61d584738",
                            "id": "igw-043695cf61d584738",
                            "owner_id": "276651254137",
                            "tags.%": "0",
                            "vpc_id": "vpc-02f26eac8dfafa01a"
                        },
                        "meta": {},
                        "tainted": false
                    },
                    "deposed": [],
                    "provider": "provider.aws"
                },
                "aws_vpc.main": {
                    "type": "aws_vpc",
                    "depends_on": [],
                    "primary": {
                        "id": "vpc-02f26eac8dfafa01a",
                        "attributes": {
                            "arn": "arn:aws:ec2:us-east-1:276651254137:vpc/vpc-02f26eac8dfafa01a",
                            "assign_generated_ipv6_cidr_block": "false",
                            "cidr_block": "10.0.0.0/16",
                            "default_network_acl_id": "acl-0dcb3329f335427d3",
                            "default_route_table_id": "rtb-036f0668b3095c3ab",
                            "default_security_group_id": "sg-0a55bd0221e87e852",
                            "dhcp_options_id": "dopt-482c4832",
                            "enable_classiclink": "false",
                            "enable_classiclink_dns_support": "false",
                            "enable_dns_hostnames": "false",
                            "enable_dns_support": "true",
                            "id": "vpc-02f26eac8dfafa01a",
                            "instance_tenancy": "default",
                            "ipv6_association_id": "",
                            "ipv6_cidr_block": "",
                            "main_route_table_id": "rtb-036f0668b3095c3ab",
                            "owner_id": "276651254137",
                            "tags.%": "0"
                        },
                        "meta": {
                            "schema_version": "1"
                        },
                        "tainted": false
                    },
                    "deposed": [],
                    "provider": "provider.aws"
                }
            },
            "depends_on": []
        }
    ]
}
